// !$*UTF8*$!
{
	archiveVersion = 1;
	classes = {
	};
	objectVersion = 46;
	objects = {

/* Begin PBXBuildFile section */
		951ED5CC1C0C65290068D205 /* MBPushNotificationUtils.m in Sources */ = {isa = PBXBuildFile; fileRef = 951ED5CB1C0C65290068D205 /* MBPushNotificationUtils.m */; };
		95386B611BDFDC54003A9B40 /* main.m in Sources */ = {isa = PBXBuildFile; fileRef = 95386B601BDFDC54003A9B40 /* main.m */; };
		95386B641BDFDC54003A9B40 /* AppDelegate.m in Sources */ = {isa = PBXBuildFile; fileRef = 95386B631BDFDC54003A9B40 /* AppDelegate.m */; };
		95386B671BDFDC54003A9B40 /* ViewController.m in Sources */ = {isa = PBXBuildFile; fileRef = 95386B661BDFDC54003A9B40 /* ViewController.m */; };
		95386B6A1BDFDC54003A9B40 /* Main.storyboard in Resources */ = {isa = PBXBuildFile; fileRef = 95386B681BDFDC54003A9B40 /* Main.storyboard */; };
		95386B6C1BDFDC54003A9B40 /* Assets.xcassets in Resources */ = {isa = PBXBuildFile; fileRef = 95386B6B1BDFDC54003A9B40 /* Assets.xcassets */; };
		95386B6F1BDFDC54003A9B40 /* LaunchScreen.storyboard in Resources */ = {isa = PBXBuildFile; fileRef = 95386B6D1BDFDC54003A9B40 /* LaunchScreen.storyboard */; };
		95386B821BDFDE1E003A9B40 /* MBPushNotificationCenter.m in Sources */ = {isa = PBXBuildFile; fileRef = 95386B781BDFDE1E003A9B40 /* MBPushNotificationCenter.m */; };
		95386B831BDFDE1E003A9B40 /* MBPushNotificationModel.m in Sources */ = {isa = PBXBuildFile; fileRef = 95386B7A1BDFDE1E003A9B40 /* MBPushNotificationModel.m */; };
		95386B841BDFDE1E003A9B40 /* MBPushNotificationModelExtension.m in Sources */ = {isa = PBXBuildFile; fileRef = 95386B7C1BDFDE1E003A9B40 /* MBPushNotificationModelExtension.m */; };
		95386B851BDFDE1E003A9B40 /* MBPushNotificationPresenter.m in Sources */ = {isa = PBXBuildFile; fileRef = 95386B7E1BDFDE1E003A9B40 /* MBPushNotificationPresenter.m */; };
		95386B861BDFDE1E003A9B40 /* MBPushNotificationView.m in Sources */ = {isa = PBXBuildFile; fileRef = 95386B801BDFDE1E003A9B40 /* MBPushNotificationView.m */; };
		95386B871BDFDE1E003A9B40 /* MBPushNotificationView.xib in Resources */ = {isa = PBXBuildFile; fileRef = 95386B811BDFDE1E003A9B40 /* MBPushNotificationView.xib */; };
		95C94D5C1C04B3C400AE6315 /* MyCustomNotificationViewClass.xib in Resources */ = {isa = PBXBuildFile; fileRef = 95C94D5B1C04B3C400AE6315 /* MyCustomNotificationViewClass.xib */; };
		95C94D5F1C04B3EA00AE6315 /* MyCustomNotificationViewClass.m in Sources */ = {isa = PBXBuildFile; fileRef = 95C94D5E1C04B3EA00AE6315 /* MyCustomNotificationViewClass.m */; };
/* End PBXBuildFile section */

/* Begin PBXFileReference section */
		951ED5CA1C0C65290068D205 /* MBPushNotificationUtils.h */ = {isa = PBXFileReference; fileEncoding = 4; lastKnownFileType = sourcecode.c.h; path = MBPushNotificationUtils.h; sourceTree = "<group>"; };
		951ED5CB1C0C65290068D205 /* MBPushNotificationUtils.m */ = {isa = PBXFileReference; fileEncoding = 4; lastKnownFileType = sourcecode.c.objc; path = MBPushNotificationUtils.m; sourceTree = "<group>"; };
		95386B5C1BDFDC54003A9B40 /* PushNotificationExample.app */ = {isa = PBXFileReference; explicitFileType = wrapper.application; includeInIndex = 0; path = PushNotificationExample.app; sourceTree = BUILT_PRODUCTS_DIR; };
		95386B601BDFDC54003A9B40 /* main.m */ = {isa = PBXFileReference; lastKnownFileType = sourcecode.c.objc; path = main.m; sourceTree = "<group>"; };
		95386B621BDFDC54003A9B40 /* AppDelegate.h */ = {isa = PBXFileReference; lastKnownFileType = sourcecode.c.h; path = AppDelegate.h; sourceTree = "<group>"; };
		95386B631BDFDC54003A9B40 /* AppDelegate.m */ = {isa = PBXFileReference; lastKnownFileType = sourcecode.c.objc; path = AppDelegate.m; sourceTree = "<group>"; };
		95386B651BDFDC54003A9B40 /* ViewController.h */ = {isa = PBXFileReference; lastKnownFileType = sourcecode.c.h; path = ViewController.h; sourceTree = "<group>"; };
		95386B661BDFDC54003A9B40 /* ViewController.m */ = {isa = PBXFileReference; lastKnownFileType = sourcecode.c.objc; path = ViewController.m; sourceTree = "<group>"; };
		95386B691BDFDC54003A9B40 /* Base */ = {isa = PBXFileReference; lastKnownFileType = file.storyboard; name = Base; path = Base.lproj/Main.storyboard; sourceTree = "<group>"; };
		95386B6B1BDFDC54003A9B40 /* Assets.xcassets */ = {isa = PBXFileReference; lastKnownFileType = folder.assetcatalog; path = Assets.xcassets; sourceTree = "<group>"; };
		95386B6E1BDFDC54003A9B40 /* Base */ = {isa = PBXFileReference; lastKnownFileType = file.storyboard; name = Base; path = Base.lproj/LaunchScreen.storyboard; sourceTree = "<group>"; };
		95386B701BDFDC54003A9B40 /* Info.plist */ = {isa = PBXFileReference; lastKnownFileType = text.plist.xml; path = Info.plist; sourceTree = "<group>"; };
		95386B771BDFDE1E003A9B40 /* MBPushNotificationCenter.h */ = {isa = PBXFileReference; fileEncoding = 4; lastKnownFileType = sourcecode.c.h; path = MBPushNotificationCenter.h; sourceTree = "<group>"; };
		95386B781BDFDE1E003A9B40 /* MBPushNotificationCenter.m */ = {isa = PBXFileReference; fileEncoding = 4; lastKnownFileType = sourcecode.c.objc; path = MBPushNotificationCenter.m; sourceTree = "<group>"; };
		95386B791BDFDE1E003A9B40 /* MBPushNotificationModel.h */ = {isa = PBXFileReference; fileEncoding = 4; lastKnownFileType = sourcecode.c.h; path = MBPushNotificationModel.h; sourceTree = "<group>"; };
		95386B7A1BDFDE1E003A9B40 /* MBPushNotificationModel.m */ = {isa = PBXFileReference; fileEncoding = 4; lastKnownFileType = sourcecode.c.objc; path = MBPushNotificationModel.m; sourceTree = "<group>"; };
		95386B7B1BDFDE1E003A9B40 /* MBPushNotificationModelExtension.h */ = {isa = PBXFileReference; fileEncoding = 4; lastKnownFileType = sourcecode.c.h; path = MBPushNotificationModelExtension.h; sourceTree = "<group>"; };
		95386B7C1BDFDE1E003A9B40 /* MBPushNotificationModelExtension.m */ = {isa = PBXFileReference; fileEncoding = 4; lastKnownFileType = sourcecode.c.objc; path = MBPushNotificationModelExtension.m; sourceTree = "<group>"; };
		95386B7D1BDFDE1E003A9B40 /* MBPushNotificationPresenter.h */ = {isa = PBXFileReference; fileEncoding = 4; lastKnownFileType = sourcecode.c.h; path = MBPushNotificationPresenter.h; sourceTree = "<group>"; };
		95386B7E1BDFDE1E003A9B40 /* MBPushNotificationPresenter.m */ = {isa = PBXFileReference; fileEncoding = 4; lastKnownFileType = sourcecode.c.objc; path = MBPushNotificationPresenter.m; sourceTree = "<group>"; };
		95386B7F1BDFDE1E003A9B40 /* MBPushNotificationView.h */ = {isa = PBXFileReference; fileEncoding = 4; lastKnownFileType = sourcecode.c.h; path = MBPushNotificationView.h; sourceTree = "<group>"; };
		95386B801BDFDE1E003A9B40 /* MBPushNotificationView.m */ = {isa = PBXFileReference; fileEncoding = 4; lastKnownFileType = sourcecode.c.objc; path = MBPushNotificationView.m; sourceTree = "<group>"; };
		95386B811BDFDE1E003A9B40 /* MBPushNotificationView.xib */ = {isa = PBXFileReference; fileEncoding = 4; lastKnownFileType = file.xib; path = MBPushNotificationView.xib; sourceTree = "<group>"; };
		95C94D5B1C04B3C400AE6315 /* MyCustomNotificationViewClass.xib */ = {isa = PBXFileReference; fileEncoding = 4; lastKnownFileType = file.xib; path = MyCustomNotificationViewClass.xib; sourceTree = "<group>"; };
		95C94D5D1C04B3EA00AE6315 /* MyCustomNotificationViewClass.h */ = {isa = PBXFileReference; fileEncoding = 4; lastKnownFileType = sourcecode.c.h; path = MyCustomNotificationViewClass.h; sourceTree = "<group>"; };
		95C94D5E1C04B3EA00AE6315 /* MyCustomNotificationViewClass.m */ = {isa = PBXFileReference; fileEncoding = 4; lastKnownFileType = sourcecode.c.objc; path = MyCustomNotificationViewClass.m; sourceTree = "<group>"; };
/* End PBXFileReference section */

/* Begin PBXFrameworksBuildPhase section */
		95386B591BDFDC54003A9B40 /* Frameworks */ = {
			isa = PBXFrameworksBuildPhase;
			buildActionMask = 2147483647;
			files = (
			);
			runOnlyForDeploymentPostprocessing = 0;
		};
/* End PBXFrameworksBuildPhase section */

/* Begin PBXGroup section */
		95386B531BDFDC54003A9B40 = {
			isa = PBXGroup;
			children = (
				95386B5E1BDFDC54003A9B40 /* PushNotificationExample */,
				95386B5D1BDFDC54003A9B40 /* Products */,
			);
			sourceTree = "<group>";
		};
		95386B5D1BDFDC54003A9B40 /* Products */ = {
			isa = PBXGroup;
			children = (
				95386B5C1BDFDC54003A9B40 /* PushNotificationExample.app */,
			);
			name = Products;
			sourceTree = "<group>";
		};
		95386B5E1BDFDC54003A9B40 /* PushNotificationExample */ = {
			isa = PBXGroup;
			children = (
				95386B761BDFDE1E003A9B40 /* Presenter */,
				95386B621BDFDC54003A9B40 /* AppDelegate.h */,
				95386B631BDFDC54003A9B40 /* AppDelegate.m */,
				95386B651BDFDC54003A9B40 /* ViewController.h */,
				95386B661BDFDC54003A9B40 /* ViewController.m */,
				95386B681BDFDC54003A9B40 /* Main.storyboard */,
				95386B6B1BDFDC54003A9B40 /* Assets.xcassets */,
				95386B6D1BDFDC54003A9B40 /* LaunchScreen.storyboard */,
				95386B701BDFDC54003A9B40 /* Info.plist */,
				95386B5F1BDFDC54003A9B40 /* Supporting Files */,
			);
			path = PushNotificationExample;
			sourceTree = "<group>";
		};
		95386B5F1BDFDC54003A9B40 /* Supporting Files */ = {
			isa = PBXGroup;
			children = (
				95386B601BDFDC54003A9B40 /* main.m */,
			);
			name = "Supporting Files";
			sourceTree = "<group>";
		};
		95386B761BDFDE1E003A9B40 /* Presenter */ = {
			isa = PBXGroup;
			children = (
				951ED5CA1C0C65290068D205 /* MBPushNotificationUtils.h */,
				951ED5CB1C0C65290068D205 /* MBPushNotificationUtils.m */,
				95386B771BDFDE1E003A9B40 /* MBPushNotificationCenter.h */,
				95386B781BDFDE1E003A9B40 /* MBPushNotificationCenter.m */,
				95386B791BDFDE1E003A9B40 /* MBPushNotificationModel.h */,
				95386B7A1BDFDE1E003A9B40 /* MBPushNotificationModel.m */,
				95386B7B1BDFDE1E003A9B40 /* MBPushNotificationModelExtension.h */,
				95386B7C1BDFDE1E003A9B40 /* MBPushNotificationModelExtension.m */,
				95386B7D1BDFDE1E003A9B40 /* MBPushNotificationPresenter.h */,
				95386B7E1BDFDE1E003A9B40 /* MBPushNotificationPresenter.m */,
				95386B7F1BDFDE1E003A9B40 /* MBPushNotificationView.h */,
				95386B801BDFDE1E003A9B40 /* MBPushNotificationView.m */,
				95386B811BDFDE1E003A9B40 /* MBPushNotificationView.xib */,
				95C94D5D1C04B3EA00AE6315 /* MyCustomNotificationViewClass.h */,
				95C94D5E1C04B3EA00AE6315 /* MyCustomNotificationViewClass.m */,
				95C94D5B1C04B3C400AE6315 /* MyCustomNotificationViewClass.xib */,
			);
			path = Presenter;
			sourceTree = "<group>";
		};
/* End PBXGroup section */

/* Begin PBXNativeTarget section */
		95386B5B1BDFDC54003A9B40 /* PushNotificationExample */ = {
			isa = PBXNativeTarget;
			buildConfigurationList = 95386B731BDFDC54003A9B40 /* Build configuration list for PBXNativeTarget "PushNotificationExample" */;
			buildPhases = (
				95386B581BDFDC54003A9B40 /* Sources */,
				95386B591BDFDC54003A9B40 /* Frameworks */,
				95386B5A1BDFDC54003A9B40 /* Resources */,
			);
			buildRules = (
			);
			dependencies = (
			);
			name = PushNotificationExample;
			productName = PushNotificationExample;
			productReference = 95386B5C1BDFDC54003A9B40 /* PushNotificationExample.app */;
			productType = "com.apple.product-type.application";
		};
/* End PBXNativeTarget section */

/* Begin PBXProject section */
		95386B541BDFDC54003A9B40 /* Project object */ = {
			isa = PBXProject;
			attributes = {
				LastUpgradeCheck = 0710;
				ORGANIZATIONNAME = MB;
				TargetAttributes = {
					95386B5B1BDFDC54003A9B40 = {
						CreatedOnToolsVersion = 7.1;
					};
				};
			};
			buildConfigurationList = 95386B571BDFDC54003A9B40 /* Build configuration list for PBXProject "PushNotificationExample" */;
			compatibilityVersion = "Xcode 3.2";
			developmentRegion = English;
			hasScannedForEncodings = 0;
			knownRegions = (
				en,
				Base,
			);
			mainGroup = 95386B531BDFDC54003A9B40;
			productRefGroup = 95386B5D1BDFDC54003A9B40 /* Products */;
			projectDirPath = "";
			projectRoot = "";
			targets = (
				95386B5B1BDFDC54003A9B40 /* PushNotificationExample */,
			);
		};
/* End PBXProject section */

/* Begin PBXResourcesBuildPhase section */
		95386B5A1BDFDC54003A9B40 /* Resources */ = {
			isa = PBXResourcesBuildPhase;
			buildActionMask = 2147483647;
			files = (
				95386B871BDFDE1E003A9B40 /* MBPushNotificationView.xib in Resources */,
				95C94D5C1C04B3C400AE6315 /* MyCustomNotificationViewClass.xib in Resources */,
				95386B6F1BDFDC54003A9B40 /* LaunchScreen.storyboard in Resources */,
				95386B6C1BDFDC54003A9B40 /* Assets.xcassets in Resources */,
				95386B6A1BDFDC54003A9B40 /* Main.storyboard in Resources */,
			);
			runOnlyForDeploymentPostprocessing = 0;
		};
/* End PBXResourcesBuildPhase section */

/* Begin PBXSourcesBuildPhase section */
		95386B581BDFDC54003A9B40 /* Sources */ = {
			isa = PBXSourcesBuildPhase;
			buildActionMask = 2147483647;
			files = (
				95386B821BDFDE1E003A9B40 /* MBPushNotificationCenter.m in Sources */,
				95386B841BDFDE1E003A9B40 /* MBPushNotificationModelExtension.m in Sources */,
				95386B851BDFDE1E003A9B40 /* MBPushNotificationPresenter.m in Sources */,
				95386B671BDFDC54003A9B40 /* ViewController.m in Sources */,
				95386B861BDFDE1E003A9B40 /* MBPushNotificationView.m in Sources */,
				951ED5CC1C0C65290068D205 /* MBPushNotificationUtils.m in Sources */,
				95C94D5F1C04B3EA00AE6315 /* MyCustomNotificationViewClass.m in Sources */,
				95386B641BDFDC54003A9B40 /* AppDelegate.m in Sources */,
				95386B831BDFDE1E003A9B40 /* MBPushNotificationModel.m in Sources */,
				95386B611BDFDC54003A9B40 /* main.m in Sources */,
			);
			runOnlyForDeploymentPostprocessing = 0;
		};
/* End PBXSourcesBuildPhase section */

/* Begin PBXVariantGroup section */
		95386B681BDFDC54003A9B40 /* Main.storyboard */ = {
			isa = PBXVariantGroup;
			children = (
				95386B691BDFDC54003A9B40 /* Base */,
			);
			name = Main.storyboard;
			sourceTree = "<group>";
		};
		95386B6D1BDFDC54003A9B40 /* LaunchScreen.storyboard */ = {
			isa = PBXVariantGroup;
			children = (
				95386B6E1BDFDC54003A9B40 /* Base */,
			);
			name = LaunchScreen.storyboard;
			sourceTree = "<group>";
		};
/* End PBXVariantGroup section */

/* Begin XCBuildConfiguration section */
		95386B711BDFDC54003A9B40 /* Debug */ = {
			isa = XCBuildConfiguration;
			buildSettings = {
				ALWAYS_SEARCH_USER_PATHS = NO;
				CLANG_CXX_LANGUAGE_STANDARD = "gnu++0x";
				CLANG_CXX_LIBRARY = "libc++";
				CLANG_ENABLE_MODULES = YES;
				CLANG_ENABLE_OBJC_ARC = YES;
				CLANG_WARN_BOOL_CONVERSION = YES;
				CLANG_WARN_CONSTANT_CONVERSION = YES;
				CLANG_WARN_DIRECT_OBJC_ISA_USAGE = YES_ERROR;
				CLANG_WARN_EMPTY_BODY = YES;
				CLANG_WARN_ENUM_CONVERSION = YES;
				CLANG_WARN_INT_CONVERSION = YES;
				CLANG_WARN_OBJC_ROOT_CLASS = YES_ERROR;
				CLANG_WARN_UNREACHABLE_CODE = YES;
				CLANG_WARN__DUPLICATE_METHOD_MATCH = YES;
				"CODE_SIGN_IDENTITY[sdk=iphoneos*]" = "iPhone Developer";
				COPY_PHASE_STRIP = NO;
				DEBUG_INFORMATION_FORMAT = dwarf;
				ENABLE_STRICT_OBJC_MSGSEND = YES;
				ENABLE_TESTABILITY = YES;
				GCC_C_LANGUAGE_STANDARD = gnu99;
				GCC_DYNAMIC_NO_PIC = NO;
				GCC_NO_COMMON_BLOCKS = YES;
				GCC_OPTIMIZATION_LEVEL = 0;
				GCC_PREPROCESSOR_DEFINITIONS = (
					"DEBUG=1",
					"$(inherited)",
				);
				GCC_WARN_64_TO_32_BIT_CONVERSION = YES;
				GCC_WARN_ABOUT_RETURN_TYPE = YES_ERROR;
				GCC_WARN_UNDECLARED_SELECTOR = YES;
				GCC_WARN_UNINITIALIZED_AUTOS = YES_AGGRESSIVE;
				GCC_WARN_UNUSED_FUNCTION = YES;
				GCC_WARN_UNUSED_VARIABLE = YES;
				IPHONEOS_DEPLOYMENT_TARGET = 9.1;
				MTL_ENABLE_DEBUG_INFO = YES;
				ONLY_ACTIVE_ARCH = YES;
				SDKROOT = iphoneos;
				TARGETED_DEVICE_FAMILY = "1,2";
			};
			name = Debug;
		};
		95386B721BDFDC54003A9B40 /* Release */ = {
			isa = XCBuildConfiguration;
			buildSettings = {
				ALWAYS_SEARCH_USER_PATHS = NO;
				CLANG_CXX_LANGUAGE_STANDARD = "gnu++0x";
				CLANG_CXX_LIBRARY = "libc++";
				CLANG_ENABLE_MODULES = YES;
				CLANG_ENABLE_OBJC_ARC = YES;
				CLANG_WARN_BOOL_CONVERSION = YES;
				CLANG_WARN_CONSTANT_CONVERSION = YES;
				CLANG_WARN_DIRECT_OBJC_ISA_USAGE = YES_ERROR;
				CLANG_WARN_EMPTY_BODY = YES;
				CLANG_WARN_ENUM_CONVERSION = YES;
				CLANG_WARN_INT_CONVERSION = YES;
				CLANG_WARN_OBJC_ROOT_CLASS = YES_ERROR;
				CLANG_WARN_UNREACHABLE_CODE = YES;
				CLANG_WARN__DUPLICATE_METHOD_MATCH = YES;
				"CODE_SIGN_IDENTITY[sdk=iphoneos*]" = "iPhone Developer";
				COPY_PHASE_STRIP = NO;
				DEBUG_INFORMATION_FORMAT = "dwarf-with-dsym";
				ENABLE_NS_ASSERTIONS = NO;
				ENABLE_STRICT_OBJC_MSGSEND = YES;
				GCC_C_LANGUAGE_STANDARD = gnu99;
				GCC_NO_COMMON_BLOCKS = YES;
				GCC_WARN_64_TO_32_BIT_CONVERSION = YES;
				GCC_WARN_ABOUT_RETURN_TYPE = YES_ERROR;
				GCC_WARN_UNDECLARED_SELECTOR = YES;
				GCC_WARN_UNINITIALIZED_AUTOS = YES_AGGRESSIVE;
				GCC_WARN_UNUSED_FUNCTION = YES;
				GCC_WARN_UNUSED_VARIABLE = YES;
				IPHONEOS_DEPLOYMENT_TARGET = 9.1;
				MTL_ENABLE_DEBUG_INFO = NO;
				SDKROOT = iphoneos;
				TARGETED_DEVICE_FAMILY = "1,2";
				VALIDATE_PRODUCT = YES;
			};
			name = Release;
		};
		95386B741BDFDC54003A9B40 /* Debug */ = {
			isa = XCBuildConfiguration;
			buildSettings = {
				ASSETCATALOG_COMPILER_APPICON_NAME = AppIcon;
				CLANG_ENABLE_OBJC_ARC = NO;
				INFOPLIST_FILE = PushNotificationExample/Info.plist;
				LD_RUNPATH_SEARCH_PATHS = "$(inherited) @executable_path/Frameworks";
				PRODUCT_BUNDLE_IDENTIFIER = MB.PushNotificationExample;
				PRODUCT_NAME = "$(TARGET_NAME)";
			};
			name = Debug;
		};
		95386B751BDFDC54003A9B40 /* Release */ = {
			isa = XCBuildConfiguration;
			buildSettings = {
				ASSETCATALOG_COMPILER_APPICON_NAME = AppIcon;
				CLANG_ENABLE_OBJC_ARC = NO;
				INFOPLIST_FILE = PushNotificationExample/Info.plist;
				LD_RUNPATH_SEARCH_PATHS = "$(inherited) @executable_path/Frameworks";
				PRODUCT_BUNDLE_IDENTIFIER = MB.PushNotificationExample;
				PRODUCT_NAME = "$(TARGET_NAME)";
			};
			name = Release;
		};
/* End XCBuildConfiguration section */

/* Begin XCConfigurationList section */
		95386B571BDFDC54003A9B40 /* Build configuration list for PBXProject "PushNotificationExample" */ = {
			isa = XCConfigurationList;
			buildConfigurations = (
				95386B711BDFDC54003A9B40 /* Debug */,
				95386B721BDFDC54003A9B40 /* Release */,
			);
			defaultConfigurationIsVisible = 0;
			defaultConfigurationName = Release;
		};
		95386B731BDFDC54003A9B40 /* Build configuration list for PBXNativeTarget "PushNotificationExample" */ = {
			isa = XCConfigurationList;
			buildConfigurations = (
				95386B741BDFDC54003A9B40 /* Debug */,
				95386B751BDFDC54003A9B40 /* Release */,
			);
			defaultConfigurationIsVisible = 0;
			defaultConfigurationName = Release;
		};
/* End XCConfigurationList section */
	};
	rootObject = 95386B541BDFDC54003A9B40 /* Project object */;
}
